
Microsoft Visual Studio Solution File, Format Version 12.00
# Visual Studio Version 17
VisualStudioVersion = 17.12.35521.163
MinimumVisualStudioVersion = 10.0.40219.1
Project("{FAE04EC0-301F-11D3-BF4B-00C04F79EFBC}") = "ConsoleApp1", "ConsoleApp1\ConsoleApp1.csproj", "{1BD976D7-A616-4F9A-BD0D-036B4D89F926}"
EndProject
Project("{FAE04EC0-301F-11D3-BF4B-00C04F79EFBC}") = "ConsoleApp2", "ConsoleApp2\ConsoleApp2.csproj", "{14DA70B3-FC88-40E9-8A69-B3A3D7ABAA1E}"
EndProject
Project("{2150E333-8FDC-42A3-9474-1A3956D46DE8}") = "Materiale", "Materiale", "{9ABC41D8-2E3B-4C6B-809D-E3189203507C}"
	ProjectSection(SolutionItems) = preProject
		comuni.csv = comuni.csv
		corsi.csv = corsi.csv
		csvjson.json = csvjson.json
		descrizione.csv = descrizione.csv
		lingua.csv = lingua.csv
		prodotti.csv = prodotti.csv
	EndProjectSection
EndProject
Project("{FAE04EC0-301F-11D3-BF4B-00C04F79EFBC}") = "ConsoleApp3", "ConsoleApp3\ConsoleApp3.csproj", "{4A6108EE-835A-4481-A650-D34F73D3B27C}"
EndProject
Project("{FAE04EC0-301F-11D3-BF4B-00C04F79EFBC}") = "ConsoleApp4", "ConsoleApp4\ConsoleApp4.csproj", "{25C33EB0-3CF0-4E00-9D3E-24A607310F0A}"
EndProject
Project("{FAE04EC0-301F-11D3-BF4B-00C04F79EFBC}") = "Json", "Json\Json.csproj", "{B75A11EE-DA36-4D58-8E65-00F02418E144}"
EndProject
Project("{FAE04EC0-301F-11D3-BF4B-00C04F79EFBC}") = "Olivetti", "Olivetti\Olivetti.csproj", "{ABFFD895-0E33-4553-A861-EE12E7DF417A}"
EndProject
Project("{FAE04EC0-301F-11D3-BF4B-00C04F79EFBC}") = "SQLEsempio", "SQLEsempio\SQLEsempio.csproj", "{D64250B6-B7D2-48C8-9D05-1C1ACA53D0CF}"
EndProject
Project("{FAE04EC0-301F-11D3-BF4B-00C04F79EFBC}") = "WebApplication1", "WebApplication1\WebApplication1.csproj", "{9F9E098E-957F-4992-8AEB-69F20F03032E}"
EndProject
Project("{FAE04EC0-301F-11D3-BF4B-00C04F79EFBC}") = "WebApplication2", "WebApplication2\WebApplication2.csproj", "{2FCA6FD2-C0E7-45E1-8C4C-7BEDA4A1241E}"
EndProject
Project("{FAE04EC0-301F-11D3-BF4B-00C04F79EFBC}") = "NorthWindEF", "NorthWindEF\NorthWindEF.csproj", "{EDB1BE96-0CB1-4636-993E-5AAE31E72800}"
EndProject
Project("{FAE04EC0-301F-11D3-BF4B-00C04F79EFBC}") = "SCCM", "SCCM\SCCM.csproj", "{27488849-C4D0-40BF-919B-41B992C0108A}"
EndProject
Project("{FAE04EC0-301F-11D3-BF4B-00C04F79EFBC}") = "NorthWindEF2", "NorthWindEF2\NorthWindEF2.csproj", "{0C99BBAC-548B-4AF7-A344-5F2356C2B651}"
EndProject
Global
	GlobalSection(SolutionConfigurationPlatforms) = preSolution
		Debug|Any CPU = Debug|Any CPU
		Release|Any CPU = Release|Any CPU
	EndGlobalSection
	GlobalSection(ProjectConfigurationPlatforms) = postSolution
		{1BD976D7-A616-4F9A-BD0D-036B4D89F926}.Debug|Any CPU.ActiveCfg = Debug|Any CPU
		{1BD976D7-A616-4F9A-BD0D-036B4D89F926}.Debug|Any CPU.Build.0 = Debug|Any CPU
		{1BD976D7-A616-4F9A-BD0D-036B4D89F926}.Release|Any CPU.ActiveCfg = Release|Any CPU
		{1BD976D7-A616-4F9A-BD0D-036B4D89F926}.Release|Any CPU.Build.0 = Release|Any CPU
		{14DA70B3-FC88-40E9-8A69-B3A3D7ABAA1E}.Debug|Any CPU.ActiveCfg = Debug|Any CPU
		{14DA70B3-FC88-40E9-8A69-B3A3D7ABAA1E}.Debug|Any CPU.Build.0 = Debug|Any CPU
		{14DA70B3-FC88-40E9-8A69-B3A3D7ABAA1E}.Release|Any CPU.ActiveCfg = Release|Any CPU
		{14DA70B3-FC88-40E9-8A69-B3A3D7ABAA1E}.Release|Any CPU.Build.0 = Release|Any CPU
		{4A6108EE-835A-4481-A650-D34F73D3B27C}.Debug|Any CPU.ActiveCfg = Debug|Any CPU
		{4A6108EE-835A-4481-A650-D34F73D3B27C}.Debug|Any CPU.Build.0 = Debug|Any CPU
		{4A6108EE-835A-4481-A650-D34F73D3B27C}.Release|Any CPU.ActiveCfg = Release|Any CPU
		{4A6108EE-835A-4481-A650-D34F73D3B27C}.Release|Any CPU.Build.0 = Release|Any CPU
		{25C33EB0-3CF0-4E00-9D3E-24A607310F0A}.Debug|Any CPU.ActiveCfg = Debug|Any CPU
		{25C33EB0-3CF0-4E00-9D3E-24A607310F0A}.Debug|Any CPU.Build.0 = Debug|Any CPU
		{25C33EB0-3CF0-4E00-9D3E-24A607310F0A}.Release|Any CPU.ActiveCfg = Release|Any CPU
		{25C33EB0-3CF0-4E00-9D3E-24A607310F0A}.Release|Any CPU.Build.0 = Release|Any CPU
		{B75A11EE-DA36-4D58-8E65-00F02418E144}.Debug|Any CPU.ActiveCfg = Debug|Any CPU
		{B75A11EE-DA36-4D58-8E65-00F02418E144}.Debug|Any CPU.Build.0 = Debug|Any CPU
		{B75A11EE-DA36-4D58-8E65-00F02418E144}.Release|Any CPU.ActiveCfg = Release|Any CPU
		{B75A11EE-DA36-4D58-8E65-00F02418E144}.Release|Any CPU.Build.0 = Release|Any CPU
		{ABFFD895-0E33-4553-A861-EE12E7DF417A}.Debug|Any CPU.ActiveCfg = Debug|Any CPU
		{ABFFD895-0E33-4553-A861-EE12E7DF417A}.Debug|Any CPU.Build.0 = Debug|Any CPU
		{ABFFD895-0E33-4553-A861-EE12E7DF417A}.Release|Any CPU.ActiveCfg = Release|Any CPU
		{ABFFD895-0E33-4553-A861-EE12E7DF417A}.Release|Any CPU.Build.0 = Release|Any CPU
		{D64250B6-B7D2-48C8-9D05-1C1ACA53D0CF}.Debug|Any CPU.ActiveCfg = Debug|Any CPU
		{D64250B6-B7D2-48C8-9D05-1C1ACA53D0CF}.Debug|Any CPU.Build.0 = Debug|Any CPU
		{D64250B6-B7D2-48C8-9D05-1C1ACA53D0CF}.Release|Any CPU.ActiveCfg = Release|Any CPU
		{D64250B6-B7D2-48C8-9D05-1C1ACA53D0CF}.Release|Any CPU.Build.0 = Release|Any CPU
		{9F9E098E-957F-4992-8AEB-69F20F03032E}.Debug|Any CPU.ActiveCfg = Debug|Any CPU
		{9F9E098E-957F-4992-8AEB-69F20F03032E}.Debug|Any CPU.Build.0 = Debug|Any CPU
		{9F9E098E-957F-4992-8AEB-69F20F03032E}.Release|Any CPU.ActiveCfg = Release|Any CPU
		{9F9E098E-957F-4992-8AEB-69F20F03032E}.Release|Any CPU.Build.0 = Release|Any CPU
		{2FCA6FD2-C0E7-45E1-8C4C-7BEDA4A1241E}.Debug|Any CPU.ActiveCfg = Debug|Any CPU
		{2FCA6FD2-C0E7-45E1-8C4C-7BEDA4A1241E}.Debug|Any CPU.Build.0 = Debug|Any CPU
		{2FCA6FD2-C0E7-45E1-8C4C-7BEDA4A1241E}.Release|Any CPU.ActiveCfg = Release|Any CPU
		{2FCA6FD2-C0E7-45E1-8C4C-7BEDA4A1241E}.Release|Any CPU.Build.0 = Release|Any CPU
		{EDB1BE96-0CB1-4636-993E-5AAE31E72800}.Debug|Any CPU.ActiveCfg = Debug|Any CPU
		{EDB1BE96-0CB1-4636-993E-5AAE31E72800}.Debug|Any CPU.Build.0 = Debug|Any CPU
		{EDB1BE96-0CB1-4636-993E-5AAE31E72800}.Release|Any CPU.ActiveCfg = Release|Any CPU
		{EDB1BE96-0CB1-4636-993E-5AAE31E72800}.Release|Any CPU.Build.0 = Release|Any CPU
		{27488849-C4D0-40BF-919B-41B992C0108A}.Debug|Any CPU.ActiveCfg = Debug|Any CPU
		{27488849-C4D0-40BF-919B-41B992C0108A}.Debug|Any CPU.Build.0 = Debug|Any CPU
		{27488849-C4D0-40BF-919B-41B992C0108A}.Release|Any CPU.ActiveCfg = Release|Any CPU
		{27488849-C4D0-40BF-919B-41B992C0108A}.Release|Any CPU.Build.0 = Release|Any CPU
		{0C99BBAC-548B-4AF7-A344-5F2356C2B651}.Debug|Any CPU.ActiveCfg = Debug|Any CPU
		{0C99BBAC-548B-4AF7-A344-5F2356C2B651}.Debug|Any CPU.Build.0 = Debug|Any CPU
		{0C99BBAC-548B-4AF7-A344-5F2356C2B651}.Release|Any CPU.ActiveCfg = Release|Any CPU
		{0C99BBAC-548B-4AF7-A344-5F2356C2B651}.Release|Any CPU.Build.0 = Release|Any CPU
	EndGlobalSection
	GlobalSection(SolutionProperties) = preSolution
		HideSolutionNode = FALSE
	EndGlobalSection
EndGlobal
